
Microsoft Visual Studio Solution File, Format Version 12.00
# Visual Studio Version 16
VisualStudioVersion = 16.0.30523.141
MinimumVisualStudioVersion = 10.0.40219.1
Project("{9A19103F-16F7-4668-BE54-9A1E7A4F7556}") = "WaveshareEInkDriver", "WaveshareEInkDriver\WaveshareEInkDriver.csproj", "{6B6147AF-51F5-4534-BC92-A2F59AD49BC4}"
EndProject
Project("{FAE04EC0-301F-11D3-BF4B-00C04F79EFBC}") = "ConsoleTest", "ConsoleTest\ConsoleTest.csproj", "{A7F8C529-E294-4A56-9F88-573385E6C778}"
EndProject
Global
	GlobalSection(SolutionConfigurationPlatforms) = preSolution
		Debug|Any CPU = Debug|Any CPU
		Release|Any CPU = Release|Any CPU
	EndGlobalSection
	GlobalSection(ProjectConfigurationPlatforms) = postSolution
		{6B6147AF-51F5-4534-BC92-A2F59AD49BC4}.Debug|Any CPU.ActiveCfg = Debug|Any CPU
		{6B6147AF-51F5-4534-BC92-A2F59AD49BC4}.Debug|Any CPU.Build.0 = Debug|Any CPU
		{6B6147AF-51F5-4534-BC92-A2F59AD49BC4}.Release|Any CPU.ActiveCfg = Release|Any CPU
		{6B6147AF-51F5-4534-BC92-A2F59AD49BC4}.Release|Any CPU.Build.0 = Release|Any CPU
		{A7F8C529-E294-4A56-9F88-573385E6C778}.Debug|Any CPU.ActiveCfg = Debug|Any CPU
		{A7F8C529-E294-4A56-9F88-573385E6C778}.Debug|Any CPU.Build.0 = Debug|Any CPU
		{A7F8C529-E294-4A56-9F88-573385E6C778}.Release|Any CPU.ActiveCfg = Release|Any CPU
		{A7F8C529-E294-4A56-9F88-573385E6C778}.Release|Any CPU.Build.0 = Release|Any CPU
	EndGlobalSection
	GlobalSection(SolutionProperties) = preSolution
		HideSolutionNode = FALSE
	EndGlobalSection
	GlobalSection(ExtensibilityGlobals) = postSolution
		SolutionGuid = {231916C1-13DF-40D4-8E74-87C5E64724FA}
	EndGlobalSection
EndGlobal
